
Microsoft Visual Studio Solution File, Format Version 12.00
# Visual Studio Version 16
VisualStudioVersion = 16.0.29519.181
MinimumVisualStudioVersion = 10.0.40219.1
Project("{FAE04EC0-301F-11D3-BF4B-00C04F79EFBC}") = "EStoreShoppingSys", "EStoreShoppingSys.csproj", "{0D95EBE9-1227-4902-958C-2DD0EFA8E84C}"
EndProject
Project("{FAE04EC0-301F-11D3-BF4B-00C04F79EFBC}") = "TempTestExec", "..\TempTestExec\TempTestExec.csproj", "{74E4B04B-3A5C-4E0A-B0A8-E95C755949AB}"
EndProject
Global
	GlobalSection(SolutionConfigurationPlatforms) = preSolution
		Debug|Any CPU = Debug|Any CPU
		Release|Any CPU = Release|Any CPU
	EndGlobalSection
	GlobalSection(ProjectConfigurationPlatforms) = postSolution
		{0D95EBE9-1227-4902-958C-2DD0EFA8E84C}.Debug|Any CPU.ActiveCfg = Debug|Any CPU
		{0D95EBE9-1227-4902-958C-2DD0EFA8E84C}.Debug|Any CPU.Build.0 = Debug|Any CPU
		{0D95EBE9-1227-4902-958C-2DD0EFA8E84C}.Release|Any CPU.ActiveCfg = Release|Any CPU
		{0D95EBE9-1227-4902-958C-2DD0EFA8E84C}.Release|Any CPU.Build.0 = Release|Any CPU
		{74E4B04B-3A5C-4E0A-B0A8-E95C755949AB}.Debug|Any CPU.ActiveCfg = Debug|Any CPU
		{74E4B04B-3A5C-4E0A-B0A8-E95C755949AB}.Debug|Any CPU.Build.0 = Debug|Any CPU
		{74E4B04B-3A5C-4E0A-B0A8-E95C755949AB}.Release|Any CPU.ActiveCfg = Release|Any CPU
		{74E4B04B-3A5C-4E0A-B0A8-E95C755949AB}.Release|Any CPU.Build.0 = Release|Any CPU
	EndGlobalSection
	GlobalSection(SolutionProperties) = preSolution
		HideSolutionNode = FALSE
	EndGlobalSection
	GlobalSection(ExtensibilityGlobals) = postSolution
		SolutionGuid = {511BB577-9BC4-4B94-ABE7-592B30D9C7D1}
	EndGlobalSection
EndGlobal
