
Microsoft Visual Studio Solution File, Format Version 12.00
# Visual Studio Version 16
VisualStudioVersion = 16.0.29519.181
MinimumVisualStudioVersion = 10.0.40219.1
Project("{9A19103F-16F7-4668-BE54-9A1E7A4F7556}") = "NUnitDemoProject", "NUnitDemoProject.csproj", "{AF8F3281-1CDE-44EF-BFD5-DB1AB62C0ADB}"
EndProject
Project("{FAE04EC0-301F-11D3-BF4B-00C04F79EFBC}") = "UnitTestDemoToEMP", "..\ClassLibrary1\UnitTestDemoToEMP.csproj", "{564F4C2D-429E-4836-91C6-3F86C7FA3FF0}"
EndProject
Global
	GlobalSection(SolutionConfigurationPlatforms) = preSolution
		Debug|Any CPU = Debug|Any CPU
		Release|Any CPU = Release|Any CPU
	EndGlobalSection
	GlobalSection(ProjectConfigurationPlatforms) = postSolution
		{AF8F3281-1CDE-44EF-BFD5-DB1AB62C0ADB}.Debug|Any CPU.ActiveCfg = Debug|Any CPU
		{AF8F3281-1CDE-44EF-BFD5-DB1AB62C0ADB}.Debug|Any CPU.Build.0 = Debug|Any CPU
		{AF8F3281-1CDE-44EF-BFD5-DB1AB62C0ADB}.Release|Any CPU.ActiveCfg = Release|Any CPU
		{AF8F3281-1CDE-44EF-BFD5-DB1AB62C0ADB}.Release|Any CPU.Build.0 = Release|Any CPU
		{564F4C2D-429E-4836-91C6-3F86C7FA3FF0}.Debug|Any CPU.ActiveCfg = Debug|Any CPU
		{564F4C2D-429E-4836-91C6-3F86C7FA3FF0}.Debug|Any CPU.Build.0 = Debug|Any CPU
		{564F4C2D-429E-4836-91C6-3F86C7FA3FF0}.Release|Any CPU.ActiveCfg = Release|Any CPU
		{564F4C2D-429E-4836-91C6-3F86C7FA3FF0}.Release|Any CPU.Build.0 = Release|Any CPU
	EndGlobalSection
	GlobalSection(SolutionProperties) = preSolution
		HideSolutionNode = FALSE
	EndGlobalSection
	GlobalSection(ExtensibilityGlobals) = postSolution
		SolutionGuid = {670243B2-9CE1-4DC0-917B-DE11F8877E9D}
	EndGlobalSection
EndGlobal
